
Microsoft Visual Studio Solution File, Format Version 12.00
# Visual Studio Version 17
VisualStudioVersion = 17.3.32825.248
MinimumVisualStudioVersion = 10.0.40219.1
Project("{FAE04EC0-301F-11D3-BF4B-00C04F79EFBC}") = "Interface_Usuario", "Interface_Usuario\Interface_Usuario.csproj", "{DD68311E-80C3-417E-96EE-00EB442CD1C6}"
EndProject
Global
	GlobalSection(SolutionConfigurationPlatforms) = preSolution
		Debug|Any CPU = Debug|Any CPU
		Release|Any CPU = Release|Any CPU
	EndGlobalSection
	GlobalSection(ProjectConfigurationPlatforms) = postSolution
		{DD68311E-80C3-417E-96EE-00EB442CD1C6}.Debug|Any CPU.ActiveCfg = Debug|Any CPU
		{DD68311E-80C3-417E-96EE-00EB442CD1C6}.Debug|Any CPU.Build.0 = Debug|Any CPU
		{DD68311E-80C3-417E-96EE-00EB442CD1C6}.Release|Any CPU.ActiveCfg = Release|Any CPU
		{DD68311E-80C3-417E-96EE-00EB442CD1C6}.Release|Any CPU.Build.0 = Release|Any CPU
	EndGlobalSection
	GlobalSection(SolutionProperties) = preSolution
		HideSolutionNode = FALSE
	EndGlobalSection
	GlobalSection(ExtensibilityGlobals) = postSolution
		SolutionGuid = {4E38F8E5-AA68-4D53-A556-61CDB5A1D002}
	EndGlobalSection
EndGlobal
